
Microsoft Visual Studio Solution File, Format Version 12.00
# Visual Studio Version 17
VisualStudioVersion = 17.4.33205.214
MinimumVisualStudioVersion = 10.0.40219.1
Project("{9A19103F-16F7-4668-BE54-9A1E7A4F7556}") = "ManagerSystemProject", "ManagerSystemProject\ManagerSystemProject.csproj", "{A1B5E537-C407-42B9-BAA1-4140913315C4}"
EndProject
Project("{FAE04EC0-301F-11D3-BF4B-00C04F79EFBC}") = "ManagerSystemLibrary", "ManagerSystemLibrary\ManagerSystemLibrary.csproj", "{F1C4FD70-8462-475F-B5D2-A85D6794AEB6}"
EndProject
Global
	GlobalSection(SolutionConfigurationPlatforms) = preSolution
		Debug|Any CPU = Debug|Any CPU
		Release|Any CPU = Release|Any CPU
	EndGlobalSection
	GlobalSection(ProjectConfigurationPlatforms) = postSolution
		{A1B5E537-C407-42B9-BAA1-4140913315C4}.Debug|Any CPU.ActiveCfg = Debug|Any CPU
		{A1B5E537-C407-42B9-BAA1-4140913315C4}.Debug|Any CPU.Build.0 = Debug|Any CPU
		{A1B5E537-C407-42B9-BAA1-4140913315C4}.Release|Any CPU.ActiveCfg = Release|Any CPU
		{A1B5E537-C407-42B9-BAA1-4140913315C4}.Release|Any CPU.Build.0 = Release|Any CPU
		{F1C4FD70-8462-475F-B5D2-A85D6794AEB6}.Debug|Any CPU.ActiveCfg = Debug|Any CPU
		{F1C4FD70-8462-475F-B5D2-A85D6794AEB6}.Debug|Any CPU.Build.0 = Debug|Any CPU
		{F1C4FD70-8462-475F-B5D2-A85D6794AEB6}.Release|Any CPU.ActiveCfg = Release|Any CPU
		{F1C4FD70-8462-475F-B5D2-A85D6794AEB6}.Release|Any CPU.Build.0 = Release|Any CPU
	EndGlobalSection
	GlobalSection(SolutionProperties) = preSolution
		HideSolutionNode = FALSE
	EndGlobalSection
	GlobalSection(ExtensibilityGlobals) = postSolution
		SolutionGuid = {0A3D7FC9-BAF2-42EB-99E8-B0EDC7AA808F}
	EndGlobalSection
EndGlobal
